// !$*UTF8*$!
{
	archiveVersion = 1;
	classes = {
	};
	objectVersion = 46;
	objects = {

/* Begin PBXBuildFile section */
		250B749D1E71AE4E0054CE27 /* libsqlite3.tbd in Frameworks */ = {isa = PBXBuildFile; fileRef = 250B749C1E71AE4E0054CE27 /* libsqlite3.tbd */; };
		250B74AB1E71B0690054CE27 /* FMDatabase.m in Sources */ = {isa = PBXBuildFile; fileRef = 250B74A21E71B0690054CE27 /* FMDatabase.m */; };
		250B74AC1E71B0690054CE27 /* FMResultSet.m in Sources */ = {isa = PBXBuildFile; fileRef = 250B74A41E71B0690054CE27 /* FMResultSet.m */; };
		250B74AD1E71B0690054CE27 /* FMDatabaseQueue.m in Sources */ = {isa = PBXBuildFile; fileRef = 250B74A61E71B0690054CE27 /* FMDatabaseQueue.m */; };
		250B74AE1E71B0690054CE27 /* FMDatabaseAdditions.m in Sources */ = {isa = PBXBuildFile; fileRef = 250B74A81E71B0690054CE27 /* FMDatabaseAdditions.m */; };
		250B74AF1E71B0690054CE27 /* FMDatabasePool.m in Sources */ = {isa = PBXBuildFile; fileRef = 250B74AA1E71B0690054CE27 /* FMDatabasePool.m */; };
		250B74B21E71B1110054CE27 /* ConexionDB.swift in Sources */ = {isa = PBXBuildFile; fileRef = 250B74B11E71B1110054CE27 /* ConexionDB.swift */; };
		250B74B41E71C3CD0054CE27 /* CheckBox.swift in Sources */ = {isa = PBXBuildFile; fileRef = 250B74B31E71C3CD0054CE27 /* CheckBox.swift */; };
		250B74B71E71C4EB0054CE27 /* checked_checkbox.png in Resources */ = {isa = PBXBuildFile; fileRef = 250B74B51E71C4EB0054CE27 /* checked_checkbox.png */; };
		250B74B81E71C4EB0054CE27 /* unchecked_checkbox.png in Resources */ = {isa = PBXBuildFile; fileRef = 250B74B61E71C4EB0054CE27 /* unchecked_checkbox.png */; };
		255F7DF61E7223EF00C583D1 /* PrincipalTableViewController.swift in Sources */ = {isa = PBXBuildFile; fileRef = 255F7DF51E7223EF00C583D1 /* PrincipalTableViewController.swift */; };
		255F7DF81E72391100C583D1 /* ModiComensalesViewController.swift in Sources */ = {isa = PBXBuildFile; fileRef = 255F7DF71E72391100C583D1 /* ModiComensalesViewController.swift */; };
		259DF23E1E730CAE00947442 /* ModiRestaurantesViewController.swift in Sources */ = {isa = PBXBuildFile; fileRef = 259DF23D1E730CAE00947442 /* ModiRestaurantesViewController.swift */; };
		25BC03B41E70D76E005F6F6D /* AppDelegate.swift in Sources */ = {isa = PBXBuildFile; fileRef = 25BC03B31E70D76E005F6F6D /* AppDelegate.swift */; };
		25BC03B61E70D76E005F6F6D /* ViewController.swift in Sources */ = {isa = PBXBuildFile; fileRef = 25BC03B51E70D76E005F6F6D /* ViewController.swift */; };
		25BC03B91E70D76E005F6F6D /* Main.storyboard in Resources */ = {isa = PBXBuildFile; fileRef = 25BC03B71E70D76E005F6F6D /* Main.storyboard */; };
		25BC03BB1E70D76E005F6F6D /* Assets.xcassets in Resources */ = {isa = PBXBuildFile; fileRef = 25BC03BA1E70D76E005F6F6D /* Assets.xcassets */; };
		25BC03BE1E70D76E005F6F6D /* LaunchScreen.storyboard in Resources */ = {isa = PBXBuildFile; fileRef = 25BC03BC1E70D76E005F6F6D /* LaunchScreen.storyboard */; };
		25BC03C91E70D76E005F6F6D /* EncuestasTests.swift in Sources */ = {isa = PBXBuildFile; fileRef = 25BC03C81E70D76E005F6F6D /* EncuestasTests.swift */; };
		25BC03D41E70D76E005F6F6D /* EncuestasUITests.swift in Sources */ = {isa = PBXBuildFile; fileRef = 25BC03D31E70D76E005F6F6D /* EncuestasUITests.swift */; };
/* End PBXBuildFile section */

/* Begin PBXContainerItemProxy section */
		25BC03C51E70D76E005F6F6D /* PBXContainerItemProxy */ = {
			isa = PBXContainerItemProxy;
			containerPortal = 25BC03A81E70D76E005F6F6D /* Project object */;
			proxyType = 1;
			remoteGlobalIDString = 25BC03AF1E70D76E005F6F6D;
			remoteInfo = Encuestas;
		};
		25BC03D01E70D76E005F6F6D /* PBXContainerItemProxy */ = {
			isa = PBXContainerItemProxy;
			containerPortal = 25BC03A81E70D76E005F6F6D /* Project object */;
			proxyType = 1;
			remoteGlobalIDString = 25BC03AF1E70D76E005F6F6D;
			remoteInfo = Encuestas;
		};
/* End PBXContainerItemProxy section */

/* Begin PBXFileReference section */
		250B749C1E71AE4E0054CE27 /* libsqlite3.tbd */ = {isa = PBXFileReference; lastKnownFileType = "sourcecode.text-based-dylib-definition"; name = libsqlite3.tbd; path = usr/lib/libsqlite3.tbd; sourceTree = SDKROOT; };
		250B749F1E71B0690054CE27 /* Encuestas-Bridging-Header.h */ = {isa = PBXFileReference; lastKnownFileType = sourcecode.c.h; path = "Encuestas-Bridging-Header.h"; sourceTree = "<group>"; };
		250B74A01E71B0690054CE27 /* FMDB.h */ = {isa = PBXFileReference; fileEncoding = 4; lastKnownFileType = sourcecode.c.h; path = FMDB.h; sourceTree = "<group>"; };
		250B74A11E71B0690054CE27 /* FMDatabase.h */ = {isa = PBXFileReference; fileEncoding = 4; lastKnownFileType = sourcecode.c.h; path = FMDatabase.h; sourceTree = "<group>"; };
		250B74A21E71B0690054CE27 /* FMDatabase.m */ = {isa = PBXFileReference; fileEncoding = 4; lastKnownFileType = sourcecode.c.objc; path = FMDatabase.m; sourceTree = "<group>"; };
		250B74A31E71B0690054CE27 /* FMResultSet.h */ = {isa = PBXFileReference; fileEncoding = 4; lastKnownFileType = sourcecode.c.h; path = FMResultSet.h; sourceTree = "<group>"; };
		250B74A41E71B0690054CE27 /* FMResultSet.m */ = {isa = PBXFileReference; fileEncoding = 4; lastKnownFileType = sourcecode.c.objc; path = FMResultSet.m; sourceTree = "<group>"; };
		250B74A51E71B0690054CE27 /* FMDatabaseQueue.h */ = {isa = PBXFileReference; fileEncoding = 4; lastKnownFileType = sourcecode.c.h; path = FMDatabaseQueue.h; sourceTree = "<group>"; };
		250B74A61E71B0690054CE27 /* FMDatabaseQueue.m */ = {isa = PBXFileReference; fileEncoding = 4; lastKnownFileType = sourcecode.c.objc; path = FMDatabaseQueue.m; sourceTree = "<group>"; };
		250B74A71E71B0690054CE27 /* FMDatabaseAdditions.h */ = {isa = PBXFileReference; fileEncoding = 4; lastKnownFileType = sourcecode.c.h; path = FMDatabaseAdditions.h; sourceTree = "<group>"; };
		250B74A81E71B0690054CE27 /* FMDatabaseAdditions.m */ = {isa = PBXFileReference; fileEncoding = 4; lastKnownFileType = sourcecode.c.objc; path = FMDatabaseAdditions.m; sourceTree = "<group>"; };
		250B74A91E71B0690054CE27 /* FMDatabasePool.h */ = {isa = PBXFileReference; fileEncoding = 4; lastKnownFileType = sourcecode.c.h; path = FMDatabasePool.h; sourceTree = "<group>"; };
		250B74AA1E71B0690054CE27 /* FMDatabasePool.m */ = {isa = PBXFileReference; fileEncoding = 4; lastKnownFileType = sourcecode.c.objc; path = FMDatabasePool.m; sourceTree = "<group>"; };
		250B74B11E71B1110054CE27 /* ConexionDB.swift */ = {isa = PBXFileReference; fileEncoding = 4; lastKnownFileType = sourcecode.swift; path = ConexionDB.swift; sourceTree = "<group>"; };
		250B74B31E71C3CD0054CE27 /* CheckBox.swift */ = {isa = PBXFileReference; fileEncoding = 4; lastKnownFileType = sourcecode.swift; path = CheckBox.swift; sourceTree = "<group>"; };
		250B74B51E71C4EB0054CE27 /* checked_checkbox.png */ = {isa = PBXFileReference; lastKnownFileType = image.png; path = checked_checkbox.png; sourceTree = "<group>"; };
		250B74B61E71C4EB0054CE27 /* unchecked_checkbox.png */ = {isa = PBXFileReference; lastKnownFileType = image.png; path = unchecked_checkbox.png; sourceTree = "<group>"; };
		255F7DF51E7223EF00C583D1 /* PrincipalTableViewController.swift */ = {isa = PBXFileReference; fileEncoding = 4; lastKnownFileType = sourcecode.swift; path = PrincipalTableViewController.swift; sourceTree = "<group>"; };
		255F7DF71E72391100C583D1 /* ModiComensalesViewController.swift */ = {isa = PBXFileReference; fileEncoding = 4; lastKnownFileType = sourcecode.swift; path = ModiComensalesViewController.swift; sourceTree = "<group>"; };
		259DF23D1E730CAE00947442 /* ModiRestaurantesViewController.swift */ = {isa = PBXFileReference; fileEncoding = 4; lastKnownFileType = sourcecode.swift; path = ModiRestaurantesViewController.swift; sourceTree = "<group>"; };
		25BC03B01E70D76E005F6F6D /* Encuestas.app */ = {isa = PBXFileReference; explicitFileType = wrapper.application; includeInIndex = 0; path = Encuestas.app; sourceTree = BUILT_PRODUCTS_DIR; };
		25BC03B31E70D76E005F6F6D /* AppDelegate.swift */ = {isa = PBXFileReference; lastKnownFileType = sourcecode.swift; path = AppDelegate.swift; sourceTree = "<group>"; };
		25BC03B51E70D76E005F6F6D /* ViewController.swift */ = {isa = PBXFileReference; lastKnownFileType = sourcecode.swift; path = ViewController.swift; sourceTree = "<group>"; };
		25BC03B81E70D76E005F6F6D /* Base */ = {isa = PBXFileReference; lastKnownFileType = file.storyboard; name = Base; path = Base.lproj/Main.storyboard; sourceTree = "<group>"; };
		25BC03BA1E70D76E005F6F6D /* Assets.xcassets */ = {isa = PBXFileReference; lastKnownFileType = folder.assetcatalog; path = Assets.xcassets; sourceTree = "<group>"; };
		25BC03BD1E70D76E005F6F6D /* Base */ = {isa = PBXFileReference; lastKnownFileType = file.storyboard; name = Base; path = Base.lproj/LaunchScreen.storyboard; sourceTree = "<group>"; };
		25BC03BF1E70D76E005F6F6D /* Info.plist */ = {isa = PBXFileReference; lastKnownFileType = text.plist.xml; path = Info.plist; sourceTree = "<group>"; };
		25BC03C41E70D76E005F6F6D /* EncuestasTests.xctest */ = {isa = PBXFileReference; explicitFileType = wrapper.cfbundle; includeInIndex = 0; path = EncuestasTests.xctest; sourceTree = BUILT_PRODUCTS_DIR; };
		25BC03C81E70D76E005F6F6D /* EncuestasTests.swift */ = {isa = PBXFileReference; lastKnownFileType = sourcecode.swift; path = EncuestasTests.swift; sourceTree = "<group>"; };
		25BC03CA1E70D76E005F6F6D /* Info.plist */ = {isa = PBXFileReference; lastKnownFileType = text.plist.xml; path = Info.plist; sourceTree = "<group>"; };
		25BC03CF1E70D76E005F6F6D /* EncuestasUITests.xctest */ = {isa = PBXFileReference; explicitFileType = wrapper.cfbundle; includeInIndex = 0; path = EncuestasUITests.xctest; sourceTree = BUILT_PRODUCTS_DIR; };
		25BC03D31E70D76E005F6F6D /* EncuestasUITests.swift */ = {isa = PBXFileReference; lastKnownFileType = sourcecode.swift; path = EncuestasUITests.swift; sourceTree = "<group>"; };
		25BC03D51E70D76E005F6F6D /* Info.plist */ = {isa = PBXFileReference; lastKnownFileType = text.plist.xml; path = Info.plist; sourceTree = "<group>"; };
/* End PBXFileReference section */

/* Begin PBXFrameworksBuildPhase section */
		25BC03AD1E70D76E005F6F6D /* Frameworks */ = {
			isa = PBXFrameworksBuildPhase;
			buildActionMask = 2147483647;
			files = (
				250B749D1E71AE4E0054CE27 /* libsqlite3.tbd in Frameworks */,
			);
			runOnlyForDeploymentPostprocessing = 0;
		};
		25BC03C11E70D76E005F6F6D /* Frameworks */ = {
			isa = PBXFrameworksBuildPhase;
			buildActionMask = 2147483647;
			files = (
			);
			runOnlyForDeploymentPostprocessing = 0;
		};
		25BC03CC1E70D76E005F6F6D /* Frameworks */ = {
			isa = PBXFrameworksBuildPhase;
			buildActionMask = 2147483647;
			files = (
			);
			runOnlyForDeploymentPostprocessing = 0;
		};
/* End PBXFrameworksBuildPhase section */

/* Begin PBXGroup section */
		250B749B1E71AE4E0054CE27 /* Frameworks */ = {
			isa = PBXGroup;
			children = (
				250B749C1E71AE4E0054CE27 /* libsqlite3.tbd */,
			);
			name = Frameworks;
			sourceTree = "<group>";
		};
		250B749E1E71AFFB0054CE27 /* fmdb */ = {
			isa = PBXGroup;
			children = (
				250B74A01E71B0690054CE27 /* FMDB.h */,
				250B74A11E71B0690054CE27 /* FMDatabase.h */,
				250B74A21E71B0690054CE27 /* FMDatabase.m */,
				250B74A31E71B0690054CE27 /* FMResultSet.h */,
				250B74A41E71B0690054CE27 /* FMResultSet.m */,
				250B74A51E71B0690054CE27 /* FMDatabaseQueue.h */,
				250B74A61E71B0690054CE27 /* FMDatabaseQueue.m */,
				250B74A71E71B0690054CE27 /* FMDatabaseAdditions.h */,
				250B74A81E71B0690054CE27 /* FMDatabaseAdditions.m */,
				250B74A91E71B0690054CE27 /* FMDatabasePool.h */,
				250B74AA1E71B0690054CE27 /* FMDatabasePool.m */,
				250B749F1E71B0690054CE27 /* Encuestas-Bridging-Header.h */,
			);
			name = fmdb;
			sourceTree = "<group>";
		};
		25BC03A71E70D76E005F6F6D = {
			isa = PBXGroup;
			children = (
				25BC03B21E70D76E005F6F6D /* Encuestas */,
				25BC03C71E70D76E005F6F6D /* EncuestasTests */,
				25BC03D21E70D76E005F6F6D /* EncuestasUITests */,
				25BC03B11E70D76E005F6F6D /* Products */,
				250B749B1E71AE4E0054CE27 /* Frameworks */,
			);
			sourceTree = "<group>";
		};
		25BC03B11E70D76E005F6F6D /* Products */ = {
			isa = PBXGroup;
			children = (
				25BC03B01E70D76E005F6F6D /* Encuestas.app */,
				25BC03C41E70D76E005F6F6D /* EncuestasTests.xctest */,
				25BC03CF1E70D76E005F6F6D /* EncuestasUITests.xctest */,
			);
			name = Products;
			sourceTree = "<group>";
		};
		25BC03B21E70D76E005F6F6D /* Encuestas */ = {
			isa = PBXGroup;
			children = (
				25BC03B31E70D76E005F6F6D /* AppDelegate.swift */,
				255F7DF51E7223EF00C583D1 /* PrincipalTableViewController.swift */,
				25BC03B51E70D76E005F6F6D /* ViewController.swift */,
				255F7DF71E72391100C583D1 /* ModiComensalesViewController.swift */,
				259DF23D1E730CAE00947442 /* ModiRestaurantesViewController.swift */,
				250B74B11E71B1110054CE27 /* ConexionDB.swift */,
				250B74B31E71C3CD0054CE27 /* CheckBox.swift */,
				25BC03B71E70D76E005F6F6D /* Main.storyboard */,
				25BC03BA1E70D76E005F6F6D /* Assets.xcassets */,
				25BC03BC1E70D76E005F6F6D /* LaunchScreen.storyboard */,
				25BC03BF1E70D76E005F6F6D /* Info.plist */,
				250B74B51E71C4EB0054CE27 /* checked_checkbox.png */,
				250B74B61E71C4EB0054CE27 /* unchecked_checkbox.png */,
				250B749E1E71AFFB0054CE27 /* fmdb */,
			);
			path = Encuestas;
			sourceTree = "<group>";
		};
		25BC03C71E70D76E005F6F6D /* EncuestasTests */ = {
			isa = PBXGroup;
			children = (
				25BC03C81E70D76E005F6F6D /* EncuestasTests.swift */,
				25BC03CA1E70D76E005F6F6D /* Info.plist */,
			);
			path = EncuestasTests;
			sourceTree = "<group>";
		};
		25BC03D21E70D76E005F6F6D /* EncuestasUITests */ = {
			isa = PBXGroup;
			children = (
				25BC03D31E70D76E005F6F6D /* EncuestasUITests.swift */,
				25BC03D51E70D76E005F6F6D /* Info.plist */,
			);
			path = EncuestasUITests;
			sourceTree = "<group>";
		};
/* End PBXGroup section */

/* Begin PBXNativeTarget section */
		25BC03AF1E70D76E005F6F6D /* Encuestas */ = {
			isa = PBXNativeTarget;
			buildConfigurationList = 25BC03D81E70D76E005F6F6D /* Build configuration list for PBXNativeTarget "Encuestas" */;
			buildPhases = (
				25BC03AC1E70D76E005F6F6D /* Sources */,
				25BC03AD1E70D76E005F6F6D /* Frameworks */,
				25BC03AE1E70D76E005F6F6D /* Resources */,
			);
			buildRules = (
			);
			dependencies = (
			);
			name = Encuestas;
			productName = Encuestas;
			productReference = 25BC03B01E70D76E005F6F6D /* Encuestas.app */;
			productType = "com.apple.product-type.application";
		};
		25BC03C31E70D76E005F6F6D /* EncuestasTests */ = {
			isa = PBXNativeTarget;
			buildConfigurationList = 25BC03DB1E70D76E005F6F6D /* Build configuration list for PBXNativeTarget "EncuestasTests" */;
			buildPhases = (
				25BC03C01E70D76E005F6F6D /* Sources */,
				25BC03C11E70D76E005F6F6D /* Frameworks */,
				25BC03C21E70D76E005F6F6D /* Resources */,
			);
			buildRules = (
			);
			dependencies = (
				25BC03C61E70D76E005F6F6D /* PBXTargetDependency */,
			);
			name = EncuestasTests;
			productName = EncuestasTests;
			productReference = 25BC03C41E70D76E005F6F6D /* EncuestasTests.xctest */;
			productType = "com.apple.product-type.bundle.unit-test";
		};
		25BC03CE1E70D76E005F6F6D /* EncuestasUITests */ = {
			isa = PBXNativeTarget;
			buildConfigurationList = 25BC03DE1E70D76E005F6F6D /* Build configuration list for PBXNativeTarget "EncuestasUITests" */;
			buildPhases = (
				25BC03CB1E70D76E005F6F6D /* Sources */,
				25BC03CC1E70D76E005F6F6D /* Frameworks */,
				25BC03CD1E70D76E005F6F6D /* Resources */,
			);
			buildRules = (
			);
			dependencies = (
				25BC03D11E70D76E005F6F6D /* PBXTargetDependency */,
			);
			name = EncuestasUITests;
			productName = EncuestasUITests;
			productReference = 25BC03CF1E70D76E005F6F6D /* EncuestasUITests.xctest */;
			productType = "com.apple.product-type.bundle.ui-testing";
		};
/* End PBXNativeTarget section */

/* Begin PBXProject section */
		25BC03A81E70D76E005F6F6D /* Project object */ = {
			isa = PBXProject;
			attributes = {
				LastSwiftUpdateCheck = 0820;
				LastUpgradeCheck = 0820;
				ORGANIZATIONNAME = "Ramses Miramontes Meza";
				TargetAttributes = {
					25BC03AF1E70D76E005F6F6D = {
						CreatedOnToolsVersion = 8.2.1;
						DevelopmentTeam = 6VKPMZ9YA7;
						LastSwiftMigration = 0820;
						ProvisioningStyle = Automatic;
					};
					25BC03C31E70D76E005F6F6D = {
						CreatedOnToolsVersion = 8.2.1;
						ProvisioningStyle = Automatic;
						TestTargetID = 25BC03AF1E70D76E005F6F6D;
					};
					25BC03CE1E70D76E005F6F6D = {
						CreatedOnToolsVersion = 8.2.1;
						ProvisioningStyle = Automatic;
						TestTargetID = 25BC03AF1E70D76E005F6F6D;
					};
				};
			};
			buildConfigurationList = 25BC03AB1E70D76E005F6F6D /* Build configuration list for PBXProject "Encuestas" */;
			compatibilityVersion = "Xcode 3.2";
			developmentRegion = English;
			hasScannedForEncodings = 0;
			knownRegions = (
				en,
				Base,
			);
			mainGroup = 25BC03A71E70D76E005F6F6D;
			productRefGroup = 25BC03B11E70D76E005F6F6D /* Products */;
			projectDirPath = "";
			projectRoot = "";
			targets = (
				25BC03AF1E70D76E005F6F6D /* Encuestas */,
				25BC03C31E70D76E005F6F6D /* EncuestasTests */,
				25BC03CE1E70D76E005F6F6D /* EncuestasUITests */,
			);
		};
/* End PBXProject section */

/* Begin PBXResourcesBuildPhase section */
		25BC03AE1E70D76E005F6F6D /* Resources */ = {
			isa = PBXResourcesBuildPhase;
			buildActionMask = 2147483647;
			files = (
				25BC03BE1E70D76E005F6F6D /* LaunchScreen.storyboard in Resources */,
				250B74B81E71C4EB0054CE27 /* unchecked_checkbox.png in Resources */,
				250B74B71E71C4EB0054CE27 /* checked_checkbox.png in Resources */,
				25BC03BB1E70D76E005F6F6D /* Assets.xcassets in Resources */,
				25BC03B91E70D76E005F6F6D /* Main.storyboard in Resources */,
			);
			runOnlyForDeploymentPostprocessing = 0;
		};
		25BC03C21E70D76E005F6F6D /* Resources */ = {
			isa = PBXResourcesBuildPhase;
			buildActionMask = 2147483647;
			files = (
			);
			runOnlyForDeploymentPostprocessing = 0;
		};
		25BC03CD1E70D76E005F6F6D /* Resources */ = {
			isa = PBXResourcesBuildPhase;
			buildActionMask = 2147483647;
			files = (
			);
			runOnlyForDeploymentPostprocessing = 0;
		};
/* End PBXResourcesBuildPhase section */

/* Begin PBXSourcesBuildPhase section */
		25BC03AC1E70D76E005F6F6D /* Sources */ = {
			isa = PBXSourcesBuildPhase;
			buildActionMask = 2147483647;
			files = (
				259DF23E1E730CAE00947442 /* ModiRestaurantesViewController.swift in Sources */,
				255F7DF61E7223EF00C583D1 /* PrincipalTableViewController.swift in Sources */,
				250B74B41E71C3CD0054CE27 /* CheckBox.swift in Sources */,
				250B74AD1E71B0690054CE27 /* FMDatabaseQueue.m in Sources */,
				250B74AB1E71B0690054CE27 /* FMDatabase.m in Sources */,
				25BC03B61E70D76E005F6F6D /* ViewController.swift in Sources */,
				255F7DF81E72391100C583D1 /* ModiComensalesViewController.swift in Sources */,
				250B74AC1E71B0690054CE27 /* FMResultSet.m in Sources */,
				250B74B21E71B1110054CE27 /* ConexionDB.swift in Sources */,
				250B74AF1E71B0690054CE27 /* FMDatabasePool.m in Sources */,
				25BC03B41E70D76E005F6F6D /* AppDelegate.swift in Sources */,
				250B74AE1E71B0690054CE27 /* FMDatabaseAdditions.m in Sources */,
			);
			runOnlyForDeploymentPostprocessing = 0;
		};
		25BC03C01E70D76E005F6F6D /* Sources */ = {
			isa = PBXSourcesBuildPhase;
			buildActionMask = 2147483647;
			files = (
				25BC03C91E70D76E005F6F6D /* EncuestasTests.swift in Sources */,
			);
			runOnlyForDeploymentPostprocessing = 0;
		};
		25BC03CB1E70D76E005F6F6D /* Sources */ = {
			isa = PBXSourcesBuildPhase;
			buildActionMask = 2147483647;
			files = (
				25BC03D41E70D76E005F6F6D /* EncuestasUITests.swift in Sources */,
			);
			runOnlyForDeploymentPostprocessing = 0;
		};
/* End PBXSourcesBuildPhase section */

/* Begin PBXTargetDependency section */
		25BC03C61E70D76E005F6F6D /* PBXTargetDependency */ = {
			isa = PBXTargetDependency;
			target = 25BC03AF1E70D76E005F6F6D /* Encuestas */;
			targetProxy = 25BC03C51E70D76E005F6F6D /* PBXContainerItemProxy */;
		};
		25BC03D11E70D76E005F6F6D /* PBXTargetDependency */ = {
			isa = PBXTargetDependency;
			target = 25BC03AF1E70D76E005F6F6D /* Encuestas */;
			targetProxy = 25BC03D01E70D76E005F6F6D /* PBXContainerItemProxy */;
		};
/* End PBXTargetDependency section */

/* Begin PBXVariantGroup section */
		25BC03B71E70D76E005F6F6D /* Main.storyboard */ = {
			isa = PBXVariantGroup;
			children = (
				25BC03B81E70D76E005F6F6D /* Base */,
			);
			name = Main.storyboard;
			sourceTree = "<group>";
		};
		25BC03BC1E70D76E005F6F6D /* LaunchScreen.storyboard */ = {
			isa = PBXVariantGroup;
			children = (
				25BC03BD1E70D76E005F6F6D /* Base */,
			);
			name = LaunchScreen.storyboard;
			sourceTree = "<group>";
		};
/* End PBXVariantGroup section */

/* Begin XCBuildConfiguration section */
		25BC03D61E70D76E005F6F6D /* Debug */ = {
			isa = XCBuildConfiguration;
			buildSettings = {
				ALWAYS_SEARCH_USER_PATHS = NO;
				CLANG_ANALYZER_NONNULL = YES;
				CLANG_CXX_LANGUAGE_STANDARD = "gnu++0x";
				CLANG_CXX_LIBRARY = "libc++";
				CLANG_ENABLE_MODULES = YES;
				CLANG_ENABLE_OBJC_ARC = YES;
				CLANG_WARN_BOOL_CONVERSION = YES;
				CLANG_WARN_CONSTANT_CONVERSION = YES;
				CLANG_WARN_DIRECT_OBJC_ISA_USAGE = YES_ERROR;
				CLANG_WARN_DOCUMENTATION_COMMENTS = YES;
				CLANG_WARN_EMPTY_BODY = YES;
				CLANG_WARN_ENUM_CONVERSION = YES;
				CLANG_WARN_INFINITE_RECURSION = YES;
				CLANG_WARN_INT_CONVERSION = YES;
				CLANG_WARN_OBJC_ROOT_CLASS = YES_ERROR;
				CLANG_WARN_SUSPICIOUS_MOVE = YES;
				CLANG_WARN_UNREACHABLE_CODE = YES;
				CLANG_WARN__DUPLICATE_METHOD_MATCH = YES;
				"CODE_SIGN_IDENTITY[sdk=iphoneos*]" = "iPhone Developer";
				COPY_PHASE_STRIP = NO;
				DEBUG_INFORMATION_FORMAT = dwarf;
				ENABLE_STRICT_OBJC_MSGSEND = YES;
				ENABLE_TESTABILITY = YES;
				GCC_C_LANGUAGE_STANDARD = gnu99;
				GCC_DYNAMIC_NO_PIC = NO;
				GCC_NO_COMMON_BLOCKS = YES;
				GCC_OPTIMIZATION_LEVEL = 0;
				GCC_PREPROCESSOR_DEFINITIONS = (
					"DEBUG=1",
					"$(inherited)",
				);
				GCC_WARN_64_TO_32_BIT_CONVERSION = YES;
				GCC_WARN_ABOUT_RETURN_TYPE = YES_ERROR;
				GCC_WARN_UNDECLARED_SELECTOR = YES;
				GCC_WARN_UNINITIALIZED_AUTOS = YES_AGGRESSIVE;
				GCC_WARN_UNUSED_FUNCTION = YES;
				GCC_WARN_UNUSED_VARIABLE = YES;
				IPHONEOS_DEPLOYMENT_TARGET = 10.2;
				MTL_ENABLE_DEBUG_INFO = YES;
				ONLY_ACTIVE_ARCH = YES;
				SDKROOT = iphoneos;
				SWIFT_ACTIVE_COMPILATION_CONDITIONS = DEBUG;
				SWIFT_OPTIMIZATION_LEVEL = "-Onone";
				TARGETED_DEVICE_FAMILY = 2;
			};
			name = Debug;
		};
		25BC03D71E70D76E005F6F6D /* Release */ = {
			isa = XCBuildConfiguration;
			buildSettings = {
				ALWAYS_SEARCH_USER_PATHS = NO;
				CLANG_ANALYZER_NONNULL = YES;
				CLANG_CXX_LANGUAGE_STANDARD = "gnu++0x";
				CLANG_CXX_LIBRARY = "libc++";
				CLANG_ENABLE_MODULES = YES;
				CLANG_ENABLE_OBJC_ARC = YES;
				CLANG_WARN_BOOL_CONVERSION = YES;
				CLANG_WARN_CONSTANT_CONVERSION = YES;
				CLANG_WARN_DIRECT_OBJC_ISA_USAGE = YES_ERROR;
				CLANG_WARN_DOCUMENTATION_COMMENTS = YES;
				CLANG_WARN_EMPTY_BODY = YES;
				CLANG_WARN_ENUM_CONVERSION = YES;
				CLANG_WARN_INFINITE_RECURSION = YES;
				CLANG_WARN_INT_CONVERSION = YES;
				CLANG_WARN_OBJC_ROOT_CLASS = YES_ERROR;
				CLANG_WARN_SUSPICIOUS_MOVE = YES;
				CLANG_WARN_UNREACHABLE_CODE = YES;
				CLANG_WARN__DUPLICATE_METHOD_MATCH = YES;
				"CODE_SIGN_IDENTITY[sdk=iphoneos*]" = "iPhone Developer";
				COPY_PHASE_STRIP = NO;
				DEBUG_INFORMATION_FORMAT = "dwarf-with-dsym";
				ENABLE_NS_ASSERTIONS = NO;
				ENABLE_STRICT_OBJC_MSGSEND = YES;
				GCC_C_LANGUAGE_STANDARD = gnu99;
				GCC_NO_COMMON_BLOCKS = YES;
				GCC_WARN_64_TO_32_BIT_CONVERSION = YES;
				GCC_WARN_ABOUT_RETURN_TYPE = YES_ERROR;
				GCC_WARN_UNDECLARED_SELECTOR = YES;
				GCC_WARN_UNINITIALIZED_AUTOS = YES_AGGRESSIVE;
				GCC_WARN_UNUSED_FUNCTION = YES;
				GCC_WARN_UNUSED_VARIABLE = YES;
				IPHONEOS_DEPLOYMENT_TARGET = 10.2;
				MTL_ENABLE_DEBUG_INFO = NO;
				SDKROOT = iphoneos;
				SWIFT_OPTIMIZATION_LEVEL = "-Owholemodule";
				TARGETED_DEVICE_FAMILY = 2;
				VALIDATE_PRODUCT = YES;
			};
			name = Release;
		};
		25BC03D91E70D76E005F6F6D /* Debug */ = {
			isa = XCBuildConfiguration;
			buildSettings = {
				ASSETCATALOG_COMPILER_APPICON_NAME = AppIcon;
				CLANG_ENABLE_MODULES = YES;
				DEVELOPMENT_TEAM = 6VKPMZ9YA7;
				INFOPLIST_FILE = Encuestas/Info.plist;
				LD_RUNPATH_SEARCH_PATHS = "$(inherited) @executable_path/Frameworks";
				PRODUCT_BUNDLE_IDENTIFIER = com.rasoft.Encuestas;
				PRODUCT_NAME = "$(TARGET_NAME)";
				SWIFT_OBJC_BRIDGING_HEADER = "Encuestas/Encuestas-Bridging-Header.h";
				SWIFT_OPTIMIZATION_LEVEL = "-Onone";
				SWIFT_VERSION = 3.0;
			};
			name = Debug;
		};
		25BC03DA1E70D76E005F6F6D /* Release */ = {
			isa = XCBuildConfiguration;
			buildSettings = {
				ASSETCATALOG_COMPILER_APPICON_NAME = AppIcon;
				CLANG_ENABLE_MODULES = YES;
				DEVELOPMENT_TEAM = 6VKPMZ9YA7;
				INFOPLIST_FILE = Encuestas/Info.plist;
				LD_RUNPATH_SEARCH_PATHS = "$(inherited) @executable_path/Frameworks";
				PRODUCT_BUNDLE_IDENTIFIER = com.rasoft.Encuestas;
				PRODUCT_NAME = "$(TARGET_NAME)";
				SWIFT_OBJC_BRIDGING_HEADER = "Encuestas/Encuestas-Bridging-Header.h";
				SWIFT_VERSION = 3.0;
			};
			name = Release;
		};
		25BC03DC1E70D76E005F6F6D /* Debug */ = {
			isa = XCBuildConfiguration;
			buildSettings = {
				ALWAYS_EMBED_SWIFT_STANDARD_LIBRARIES = YES;
				BUNDLE_LOADER = "$(TEST_HOST)";
				INFOPLIST_FILE = EncuestasTests/Info.plist;
				LD_RUNPATH_SEARCH_PATHS = "$(inherited) @executable_path/Frameworks @loader_path/Frameworks";
				PRODUCT_BUNDLE_IDENTIFIER = com.rasoft.EncuestasTests;
				PRODUCT_NAME = "$(TARGET_NAME)";
				SWIFT_VERSION = 3.0;
				TEST_HOST = "$(BUILT_PRODUCTS_DIR)/Encuestas.app/Encuestas";
			};
			name = Debug;
		};
		25BC03DD1E70D76E005F6F6D /* Release */ = {
			isa = XCBuildConfiguration;
			buildSettings = {
				ALWAYS_EMBED_SWIFT_STANDARD_LIBRARIES = YES;
				BUNDLE_LOADER = "$(TEST_HOST)";
				INFOPLIST_FILE = EncuestasTests/Info.plist;
				LD_RUNPATH_SEARCH_PATHS = "$(inherited) @executable_path/Frameworks @loader_path/Frameworks";
				PRODUCT_BUNDLE_IDENTIFIER = com.rasoft.EncuestasTests;
				PRODUCT_NAME = "$(TARGET_NAME)";
				SWIFT_VERSION = 3.0;
				TEST_HOST = "$(BUILT_PRODUCTS_DIR)/Encuestas.app/Encuestas";
			};
			name = Release;
		};
		25BC03DF1E70D76E005F6F6D /* Debug */ = {
			isa = XCBuildConfiguration;
			buildSettings = {
				ALWAYS_EMBED_SWIFT_STANDARD_LIBRARIES = YES;
				INFOPLIST_FILE = EncuestasUITests/Info.plist;
				LD_RUNPATH_SEARCH_PATHS = "$(inherited) @executable_path/Frameworks @loader_path/Frameworks";
				PRODUCT_BUNDLE_IDENTIFIER = com.rasoft.EncuestasUITests;
				PRODUCT_NAME = "$(TARGET_NAME)";
				SWIFT_VERSION = 3.0;
				TEST_TARGET_NAME = Encuestas;
			};
			name = Debug;
		};
		25BC03E01E70D76E005F6F6D /* Release */ = {
			isa = XCBuildConfiguration;
			buildSettings = {
				ALWAYS_EMBED_SWIFT_STANDARD_LIBRARIES = YES;
				INFOPLIST_FILE = EncuestasUITests/Info.plist;
				LD_RUNPATH_SEARCH_PATHS = "$(inherited) @executable_path/Frameworks @loader_path/Frameworks";
				PRODUCT_BUNDLE_IDENTIFIER = com.rasoft.EncuestasUITests;
				PRODUCT_NAME = "$(TARGET_NAME)";
				SWIFT_VERSION = 3.0;
				TEST_TARGET_NAME = Encuestas;
			};
			name = Release;
		};
/* End XCBuildConfiguration section */

/* Begin XCConfigurationList section */
		25BC03AB1E70D76E005F6F6D /* Build configuration list for PBXProject "Encuestas" */ = {
			isa = XCConfigurationList;
			buildConfigurations = (
				25BC03D61E70D76E005F6F6D /* Debug */,
				25BC03D71E70D76E005F6F6D /* Release */,
			);
			defaultConfigurationIsVisible = 0;
			defaultConfigurationName = Release;
		};
		25BC03D81E70D76E005F6F6D /* Build configuration list for PBXNativeTarget "Encuestas" */ = {
			isa = XCConfigurationList;
			buildConfigurations = (
				25BC03D91E70D76E005F6F6D /* Debug */,
				25BC03DA1E70D76E005F6F6D /* Release */,
			);
			defaultConfigurationIsVisible = 0;
			defaultConfigurationName = Release;
		};
		25BC03DB1E70D76E005F6F6D /* Build configuration list for PBXNativeTarget "EncuestasTests" */ = {
			isa = XCConfigurationList;
			buildConfigurations = (
				25BC03DC1E70D76E005F6F6D /* Debug */,
				25BC03DD1E70D76E005F6F6D /* Release */,
			);
			defaultConfigurationIsVisible = 0;
			defaultConfigurationName = Release;
		};
		25BC03DE1E70D76E005F6F6D /* Build configuration list for PBXNativeTarget "EncuestasUITests" */ = {
			isa = XCConfigurationList;
			buildConfigurations = (
				25BC03DF1E70D76E005F6F6D /* Debug */,
				25BC03E01E70D76E005F6F6D /* Release */,
			);
			defaultConfigurationIsVisible = 0;
			defaultConfigurationName = Release;
		};
/* End XCConfigurationList section */
	};
	rootObject = 25BC03A81E70D76E005F6F6D /* Project object */;
}
